// !$*UTF8*$!
{
	archiveVersion = 1;
	classes = {
	};
	objectVersion = 56;
	objects = {

/* Begin PBXBuildFile section */
		B4A0A1702C0C51950045657A /* SwiftUIAndCombineApp.swift in Sources */ = {isa = PBXBuildFile; fileRef = B4A0A16F2C0C51950045657A /* SwiftUIAndCombineApp.swift */; };
		B4A0A1722C0C51950045657A /* ContentView.swift in Sources */ = {isa = PBXBuildFile; fileRef = B4A0A1712C0C51950045657A /* ContentView.swift */; };
		B4A0A1742C0C51970045657A /* Assets.xcassets in Resources */ = {isa = PBXBuildFile; fileRef = B4A0A1732C0C51970045657A /* Assets.xcassets */; };
		B4A0A1772C0C51970045657A /* Preview Assets.xcassets in Resources */ = {isa = PBXBuildFile; fileRef = B4A0A1762C0C51970045657A /* Preview Assets.xcassets */; };
		B4A0A1812C0C51970045657A /* SwiftUIAndCombineTests.swift in Sources */ = {isa = PBXBuildFile; fileRef = B4A0A1802C0C51970045657A /* SwiftUIAndCombineTests.swift */; };
		B4A0A18B2C0C51970045657A /* SwiftUIAndCombineUITests.swift in Sources */ = {isa = PBXBuildFile; fileRef = B4A0A18A2C0C51970045657A /* SwiftUIAndCombineUITests.swift */; };
		B4A0A18D2C0C51970045657A /* SwiftUIAndCombineUITestsLaunchTests.swift in Sources */ = {isa = PBXBuildFile; fileRef = B4A0A18C2C0C51970045657A /* SwiftUIAndCombineUITestsLaunchTests.swift */; };
/* End PBXBuildFile section */

/* Begin PBXContainerItemProxy section */
		B4A0A17D2C0C51970045657A /* PBXContainerItemProxy */ = {
			isa = PBXContainerItemProxy;
			containerPortal = B4A0A1642C0C51950045657A /* Project object */;
			proxyType = 1;
			remoteGlobalIDString = B4A0A16B2C0C51950045657A;
			remoteInfo = SwiftUIAndCombine;
		};
		B4A0A1872C0C51970045657A /* PBXContainerItemProxy */ = {
			isa = PBXContainerItemProxy;
			containerPortal = B4A0A1642C0C51950045657A /* Project object */;
			proxyType = 1;
			remoteGlobalIDString = B4A0A16B2C0C51950045657A;
			remoteInfo = SwiftUIAndCombine;
		};
/* End PBXContainerItemProxy section */

/* Begin PBXFileReference section */
		B4A0A16C2C0C51950045657A /* SwiftUIAndCombine.app */ = {isa = PBXFileReference; explicitFileType = wrapper.application; includeInIndex = 0; path = SwiftUIAndCombine.app; sourceTree = BUILT_PRODUCTS_DIR; };
		B4A0A16F2C0C51950045657A /* SwiftUIAndCombineApp.swift */ = {isa = PBXFileReference; lastKnownFileType = sourcecode.swift; path = SwiftUIAndCombineApp.swift; sourceTree = "<group>"; };
		B4A0A1712C0C51950045657A /* ContentView.swift */ = {isa = PBXFileReference; lastKnownFileType = sourcecode.swift; path = ContentView.swift; sourceTree = "<group>"; };
		B4A0A1732C0C51970045657A /* Assets.xcassets */ = {isa = PBXFileReference; lastKnownFileType = folder.assetcatalog; path = Assets.xcassets; sourceTree = "<group>"; };
		B4A0A1762C0C51970045657A /* Preview Assets.xcassets */ = {isa = PBXFileReference; lastKnownFileType = folder.assetcatalog; path = "Preview Assets.xcassets"; sourceTree = "<group>"; };
		B4A0A17C2C0C51970045657A /* SwiftUIAndCombineTests.xctest */ = {isa = PBXFileReference; explicitFileType = wrapper.cfbundle; includeInIndex = 0; path = SwiftUIAndCombineTests.xctest; sourceTree = BUILT_PRODUCTS_DIR; };
		B4A0A1802C0C51970045657A /* SwiftUIAndCombineTests.swift */ = {isa = PBXFileReference; lastKnownFileType = sourcecode.swift; path = SwiftUIAndCombineTests.swift; sourceTree = "<group>"; };
		B4A0A1862C0C51970045657A /* SwiftUIAndCombineUITests.xctest */ = {isa = PBXFileReference; explicitFileType = wrapper.cfbundle; includeInIndex = 0; path = SwiftUIAndCombineUITests.xctest; sourceTree = BUILT_PRODUCTS_DIR; };
		B4A0A18A2C0C51970045657A /* SwiftUIAndCombineUITests.swift */ = {isa = PBXFileReference; lastKnownFileType = sourcecode.swift; path = SwiftUIAndCombineUITests.swift; sourceTree = "<group>"; };
		B4A0A18C2C0C51970045657A /* SwiftUIAndCombineUITestsLaunchTests.swift */ = {isa = PBXFileReference; lastKnownFileType = sourcecode.swift; path = SwiftUIAndCombineUITestsLaunchTests.swift; sourceTree = "<group>"; };
/* End PBXFileReference section */

/* Begin PBXFrameworksBuildPhase section */
		B4A0A1692C0C51950045657A /* Frameworks */ = {
			isa = PBXFrameworksBuildPhase;
			buildActionMask = 2147483647;
			files = (
			);
			runOnlyForDeploymentPostprocessing = 0;
		};
		B4A0A1792C0C51970045657A /* Frameworks */ = {
			isa = PBXFrameworksBuildPhase;
			buildActionMask = 2147483647;
			files = (
			);
			runOnlyForDeploymentPostprocessing = 0;
		};
		B4A0A1832C0C51970045657A /* Frameworks */ = {
			isa = PBXFrameworksBuildPhase;
			buildActionMask = 2147483647;
			files = (
			);
			runOnlyForDeploymentPostprocessing = 0;
		};
/* End PBXFrameworksBuildPhase section */

/* Begin PBXGroup section */
		B4A0A1632C0C51950045657A = {
			isa = PBXGroup;
			children = (
				B4A0A16E2C0C51950045657A /* SwiftUIAndCombine */,
				B4A0A17F2C0C51970045657A /* SwiftUIAndCombineTests */,
				B4A0A1892C0C51970045657A /* SwiftUIAndCombineUITests */,
				B4A0A16D2C0C51950045657A /* Products */,
			);
			sourceTree = "<group>";
		};
		B4A0A16D2C0C51950045657A /* Products */ = {
			isa = PBXGroup;
			children = (
				B4A0A16C2C0C51950045657A /* SwiftUIAndCombine.app */,
				B4A0A17C2C0C51970045657A /* SwiftUIAndCombineTests.xctest */,
				B4A0A1862C0C51970045657A /* SwiftUIAndCombineUITests.xctest */,
			);
			name = Products;
			sourceTree = "<group>";
		};
		B4A0A16E2C0C51950045657A /* SwiftUIAndCombine */ = {
			isa = PBXGroup;
			children = (
				B4A0A16F2C0C51950045657A /* SwiftUIAndCombineApp.swift */,
				B4A0A1712C0C51950045657A /* ContentView.swift */,
				B4A0A1732C0C51970045657A /* Assets.xcassets */,
				B4A0A1752C0C51970045657A /* Preview Content */,
			);
			path = SwiftUIAndCombine;
			sourceTree = "<group>";
		};
		B4A0A1752C0C51970045657A /* Preview Content */ = {
			isa = PBXGroup;
			children = (
				B4A0A1762C0C51970045657A /* Preview Assets.xcassets */,
			);
			path = "Preview Content";
			sourceTree = "<group>";
		};
		B4A0A17F2C0C51970045657A /* SwiftUIAndCombineTests */ = {
			isa = PBXGroup;
			children = (
				B4A0A1802C0C51970045657A /* SwiftUIAndCombineTests.swift */,
			);
			path = SwiftUIAndCombineTests;
			sourceTree = "<group>";
		};
		B4A0A1892C0C51970045657A /* SwiftUIAndCombineUITests */ = {
			isa = PBXGroup;
			children = (
				B4A0A18A2C0C51970045657A /* SwiftUIAndCombineUITests.swift */,
				B4A0A18C2C0C51970045657A /* SwiftUIAndCombineUITestsLaunchTests.swift */,
			);
			path = SwiftUIAndCombineUITests;
			sourceTree = "<group>";
		};
/* End PBXGroup section */

/* Begin PBXNativeTarget section */
		B4A0A16B2C0C51950045657A /* SwiftUIAndCombine */ = {
			isa = PBXNativeTarget;
			buildConfigurationList = B4A0A1902C0C51970045657A /* Build configuration list for PBXNativeTarget "SwiftUIAndCombine" */;
			buildPhases = (
				B4A0A1682C0C51950045657A /* Sources */,
				B4A0A1692C0C51950045657A /* Frameworks */,
				B4A0A16A2C0C51950045657A /* Resources */,
			);
			buildRules = (
			);
			dependencies = (
			);
			name = SwiftUIAndCombine;
			productName = SwiftUIAndCombine;
			productReference = B4A0A16C2C0C51950045657A /* SwiftUIAndCombine.app */;
			productType = "com.apple.product-type.application";
		};
		B4A0A17B2C0C51970045657A /* SwiftUIAndCombineTests */ = {
			isa = PBXNativeTarget;
			buildConfigurationList = B4A0A1932C0C51970045657A /* Build configuration list for PBXNativeTarget "SwiftUIAndCombineTests" */;
			buildPhases = (
				B4A0A1782C0C51970045657A /* Sources */,
				B4A0A1792C0C51970045657A /* Frameworks */,
				B4A0A17A2C0C51970045657A /* Resources */,
			);
			buildRules = (
			);
			dependencies = (
				B4A0A17E2C0C51970045657A /* PBXTargetDependency */,
			);
			name = SwiftUIAndCombineTests;
			productName = SwiftUIAndCombineTests;
			productReference = B4A0A17C2C0C51970045657A /* SwiftUIAndCombineTests.xctest */;
			productType = "com.apple.product-type.bundle.unit-test";
		};
		B4A0A1852C0C51970045657A /* SwiftUIAndCombineUITests */ = {
			isa = PBXNativeTarget;
			buildConfigurationList = B4A0A1962C0C51970045657A /* Build configuration list for PBXNativeTarget "SwiftUIAndCombineUITests" */;
			buildPhases = (
				B4A0A1822C0C51970045657A /* Sources */,
				B4A0A1832C0C51970045657A /* Frameworks */,
				B4A0A1842C0C51970045657A /* Resources */,
			);
			buildRules = (
			);
			dependencies = (
				B4A0A1882C0C51970045657A /* PBXTargetDependency */,
			);
			name = SwiftUIAndCombineUITests;
			productName = SwiftUIAndCombineUITests;
			productReference = B4A0A1862C0C51970045657A /* SwiftUIAndCombineUITests.xctest */;
			productType = "com.apple.product-type.bundle.ui-testing";
		};
/* End PBXNativeTarget section */

/* Begin PBXProject section */
		B4A0A1642C0C51950045657A /* Project object */ = {
			isa = PBXProject;
			attributes = {
				BuildIndependentTargetsInParallel = 1;
				LastSwiftUpdateCheck = 1540;
				LastUpgradeCheck = 1540;
				TargetAttributes = {
					B4A0A16B2C0C51950045657A = {
						CreatedOnToolsVersion = 15.4;
					};
					B4A0A17B2C0C51970045657A = {
						CreatedOnToolsVersion = 15.4;
						TestTargetID = B4A0A16B2C0C51950045657A;
					};
					B4A0A1852C0C51970045657A = {
						CreatedOnToolsVersion = 15.4;
						TestTargetID = B4A0A16B2C0C51950045657A;
					};
				};
			};
			buildConfigurationList = B4A0A1672C0C51950045657A /* Build configuration list for PBXProject "SwiftUIAndCombine" */;
			compatibilityVersion = "Xcode 14.0";
			developmentRegion = en;
			hasScannedForEncodings = 0;
			knownRegions = (
				en,
				Base,
			);
			mainGroup = B4A0A1632C0C51950045657A;
			productRefGroup = B4A0A16D2C0C51950045657A /* Products */;
			projectDirPath = "";
			projectRoot = "";
			targets = (
				B4A0A16B2C0C51950045657A /* SwiftUIAndCombine */,
				B4A0A17B2C0C51970045657A /* SwiftUIAndCombineTests */,
				B4A0A1852C0C51970045657A /* SwiftUIAndCombineUITests */,
			);
		};
/* End PBXProject section */

/* Begin PBXResourcesBuildPhase section */
		B4A0A16A2C0C51950045657A /* Resources */ = {
			isa = PBXResourcesBuildPhase;
			buildActionMask = 2147483647;
			files = (
				B4A0A1772C0C51970045657A /* Preview Assets.xcassets in Resources */,
				B4A0A1742C0C51970045657A /* Assets.xcassets in Resources */,
			);
			runOnlyForDeploymentPostprocessing = 0;
		};
		B4A0A17A2C0C51970045657A /* Resources */ = {
			isa = PBXResourcesBuildPhase;
			buildActionMask = 2147483647;
			files = (
			);
			runOnlyForDeploymentPostprocessing = 0;
		};
		B4A0A1842C0C51970045657A /* Resources */ = {
			isa = PBXResourcesBuildPhase;
			buildActionMask = 2147483647;
			files = (
			);
			runOnlyForDeploymentPostprocessing = 0;
		};
/* End PBXResourcesBuildPhase section */

/* Begin PBXSourcesBuildPhase section */
		B4A0A1682C0C51950045657A /* Sources */ = {
			isa = PBXSourcesBuildPhase;
			buildActionMask = 2147483647;
			files = (
				B4A0A1722C0C51950045657A /* ContentView.swift in Sources */,
				B4A0A1702C0C51950045657A /* SwiftUIAndCombineApp.swift in Sources */,
			);
			runOnlyForDeploymentPostprocessing = 0;
		};
		B4A0A1782C0C51970045657A /* Sources */ = {
			isa = PBXSourcesBuildPhase;
			buildActionMask = 2147483647;
			files = (
				B4A0A1812C0C51970045657A /* SwiftUIAndCombineTests.swift in Sources */,
			);
			runOnlyForDeploymentPostprocessing = 0;
		};
		B4A0A1822C0C51970045657A /* Sources */ = {
			isa = PBXSourcesBuildPhase;
			buildActionMask = 2147483647;
			files = (
				B4A0A18D2C0C51970045657A /* SwiftUIAndCombineUITestsLaunchTests.swift in Sources */,
				B4A0A18B2C0C51970045657A /* SwiftUIAndCombineUITests.swift in Sources */,
			);
			runOnlyForDeploymentPostprocessing = 0;
		};
/* End PBXSourcesBuildPhase section */

/* Begin PBXTargetDependency section */
		B4A0A17E2C0C51970045657A /* PBXTargetDependency */ = {
			isa = PBXTargetDependency;
			target = B4A0A16B2C0C51950045657A /* SwiftUIAndCombine */;
			targetProxy = B4A0A17D2C0C51970045657A /* PBXContainerItemProxy */;
		};
		B4A0A1882C0C51970045657A /* PBXTargetDependency */ = {
			isa = PBXTargetDependency;
			target = B4A0A16B2C0C51950045657A /* SwiftUIAndCombine */;
			targetProxy = B4A0A1872C0C51970045657A /* PBXContainerItemProxy */;
		};
/* End PBXTargetDependency section */

/* Begin XCBuildConfiguration section */
		B4A0A18E2C0C51970045657A /* Debug */ = {
			isa = XCBuildConfiguration;
			buildSettings = {
				ALWAYS_SEARCH_USER_PATHS = NO;
				ASSETCATALOG_COMPILER_GENERATE_SWIFT_ASSET_SYMBOL_EXTENSIONS = YES;
				CLANG_ANALYZER_NONNULL = YES;
				CLANG_ANALYZER_NUMBER_OBJECT_CONVERSION = YES_AGGRESSIVE;
				CLANG_CXX_LANGUAGE_STANDARD = "gnu++20";
				CLANG_ENABLE_MODULES = YES;
				CLANG_ENABLE_OBJC_ARC = YES;
				CLANG_ENABLE_OBJC_WEAK = YES;
				CLANG_WARN_BLOCK_CAPTURE_AUTORELEASING = YES;
				CLANG_WARN_BOOL_CONVERSION = YES;
				CLANG_WARN_COMMA = YES;
				CLANG_WARN_CONSTANT_CONVERSION = YES;
				CLANG_WARN_DEPRECATED_OBJC_IMPLEMENTATIONS = YES;
				CLANG_WARN_DIRECT_OBJC_ISA_USAGE = YES_ERROR;
				CLANG_WARN_DOCUMENTATION_COMMENTS = YES;
				CLANG_WARN_EMPTY_BODY = YES;
				CLANG_WARN_ENUM_CONVERSION = YES;
				CLANG_WARN_INFINITE_RECURSION = YES;
				CLANG_WARN_INT_CONVERSION = YES;
				CLANG_WARN_NON_LITERAL_NULL_CONVERSION = YES;
				CLANG_WARN_OBJC_IMPLICIT_RETAIN_SELF = YES;
				CLANG_WARN_OBJC_LITERAL_CONVERSION = YES;
				CLANG_WARN_OBJC_ROOT_CLASS = YES_ERROR;
				CLANG_WARN_QUOTED_INCLUDE_IN_FRAMEWORK_HEADER = YES;
				CLANG_WARN_RANGE_LOOP_ANALYSIS = YES;
				CLANG_WARN_STRICT_PROTOTYPES = YES;
				CLANG_WARN_SUSPICIOUS_MOVE = YES;
				CLANG_WARN_UNGUARDED_AVAILABILITY = YES_AGGRESSIVE;
				CLANG_WARN_UNREACHABLE_CODE = YES;
				CLANG_WARN__DUPLICATE_METHOD_MATCH = YES;
				COPY_PHASE_STRIP = NO;
				DEBUG_INFORMATION_FORMAT = dwarf;
				ENABLE_STRICT_OBJC_MSGSEND = YES;
				ENABLE_TESTABILITY = YES;
				ENABLE_USER_SCRIPT_SANDBOXING = YES;
				GCC_C_LANGUAGE_STANDARD = gnu17;
				GCC_DYNAMIC_NO_PIC = NO;
				GCC_NO_COMMON_BLOCKS = YES;
				GCC_OPTIMIZATION_LEVEL = 0;
				GCC_PREPROCESSOR_DEFINITIONS = (
					"DEBUG=1",
					"$(inherited)",
				);
				GCC_WARN_64_TO_32_BIT_CONVERSION = YES;
				GCC_WARN_ABOUT_RETURN_TYPE = YES_ERROR;
				GCC_WARN_UNDECLARED_SELECTOR = YES;
				GCC_WARN_UNINITIALIZED_AUTOS = YES_AGGRESSIVE;
				GCC_WARN_UNUSED_FUNCTION = YES;
				GCC_WARN_UNUSED_VARIABLE = YES;
				IPHONEOS_DEPLOYMENT_TARGET = 17.5;
				LOCALIZATION_PREFERS_STRING_CATALOGS = YES;
				MTL_ENABLE_DEBUG_INFO = INCLUDE_SOURCE;
				MTL_FAST_MATH = YES;
				ONLY_ACTIVE_ARCH = YES;
				SDKROOT = iphoneos;
				SWIFT_ACTIVE_COMPILATION_CONDITIONS = "DEBUG $(inherited)";
				SWIFT_OPTIMIZATION_LEVEL = "-Onone";
			};
			name = Debug;
		};
		B4A0A18F2C0C51970045657A /* Release */ = {
			isa = XCBuildConfiguration;
			buildSettings = {
				ALWAYS_SEARCH_USER_PATHS = NO;
				ASSETCATALOG_COMPILER_GENERATE_SWIFT_ASSET_SYMBOL_EXTENSIONS = YES;
				CLANG_ANALYZER_NONNULL = YES;
				CLANG_ANALYZER_NUMBER_OBJECT_CONVERSION = YES_AGGRESSIVE;
				CLANG_CXX_LANGUAGE_STANDARD = "gnu++20";
				CLANG_ENABLE_MODULES = YES;
				CLANG_ENABLE_OBJC_ARC = YES;
				CLANG_ENABLE_OBJC_WEAK = YES;
				CLANG_WARN_BLOCK_CAPTURE_AUTORELEASING = YES;
				CLANG_WARN_BOOL_CONVERSION = YES;
				CLANG_WARN_COMMA = YES;
				CLANG_WARN_CONSTANT_CONVERSION = YES;
				CLANG_WARN_DEPRECATED_OBJC_IMPLEMENTATIONS = YES;
				CLANG_WARN_DIRECT_OBJC_ISA_USAGE = YES_ERROR;
				CLANG_WARN_DOCUMENTATION_COMMENTS = YES;
				CLANG_WARN_EMPTY_BODY = YES;
				CLANG_WARN_ENUM_CONVERSION = YES;
				CLANG_WARN_INFINITE_RECURSION = YES;
				CLANG_WARN_INT_CONVERSION = YES;
				CLANG_WARN_NON_LITERAL_NULL_CONVERSION = YES;
				CLANG_WARN_OBJC_IMPLICIT_RETAIN_SELF = YES;
				CLANG_WARN_OBJC_LITERAL_CONVERSION = YES;
				CLANG_WARN_OBJC_ROOT_CLASS = YES_ERROR;
				CLANG_WARN_QUOTED_INCLUDE_IN_FRAMEWORK_HEADER = YES;
				CLANG_WARN_RANGE_LOOP_ANALYSIS = YES;
				CLANG_WARN_STRICT_PROTOTYPES = YES;
				CLANG_WARN_SUSPICIOUS_MOVE = YES;
				CLANG_WARN_UNGUARDED_AVAILABILITY = YES_AGGRESSIVE;
				CLANG_WARN_UNREACHABLE_CODE = YES;
				CLANG_WARN__DUPLICATE_METHOD_MATCH = YES;
				COPY_PHASE_STRIP = NO;
				DEBUG_INFORMATION_FORMAT = "dwarf-with-dsym";
				ENABLE_NS_ASSERTIONS = NO;
				ENABLE_STRICT_OBJC_MSGSEND = YES;
				ENABLE_USER_SCRIPT_SANDBOXING = YES;
				GCC_C_LANGUAGE_STANDARD = gnu17;
				GCC_NO_COMMON_BLOCKS = YES;
				GCC_WARN_64_TO_32_BIT_CONVERSION = YES;
				GCC_WARN_ABOUT_RETURN_TYPE = YES_ERROR;
				GCC_WARN_UNDECLARED_SELECTOR = YES;
				GCC_WARN_UNINITIALIZED_AUTOS = YES_AGGRESSIVE;
				GCC_WARN_UNUSED_FUNCTION = YES;
				GCC_WARN_UNUSED_VARIABLE = YES;
				IPHONEOS_DEPLOYMENT_TARGET = 17.5;
				LOCALIZATION_PREFERS_STRING_CATALOGS = YES;
				MTL_ENABLE_DEBUG_INFO = NO;
				MTL_FAST_MATH = YES;
				SDKROOT = iphoneos;
				SWIFT_COMPILATION_MODE = wholemodule;
				VALIDATE_PRODUCT = YES;
			};
			name = Release;
		};
		B4A0A1912C0C51970045657A /* Debug */ = {
			isa = XCBuildConfiguration;
			buildSettings = {
				ASSETCATALOG_COMPILER_APPICON_NAME = AppIcon;
				ASSETCATALOG_COMPILER_GLOBAL_ACCENT_COLOR_NAME = AccentColor;
				CODE_SIGN_STYLE = Automatic;
				CURRENT_PROJECT_VERSION = 1;
				DEVELOPMENT_ASSET_PATHS = "\"SwiftUIAndCombine/Preview Content\"";
				DEVELOPMENT_TEAM = D2R2MN4TCC;
				ENABLE_PREVIEWS = YES;
				GENERATE_INFOPLIST_FILE = YES;
				INFOPLIST_KEY_UIApplicationSceneManifest_Generation = YES;
				INFOPLIST_KEY_UIApplicationSupportsIndirectInputEvents = YES;
				INFOPLIST_KEY_UILaunchScreen_Generation = YES;
				INFOPLIST_KEY_UISupportedInterfaceOrientations_iPad = "UIInterfaceOrientationPortrait UIInterfaceOrientationPortraitUpsideDown UIInterfaceOrientationLandscapeLeft UIInterfaceOrientationLandscapeRight";
				INFOPLIST_KEY_UISupportedInterfaceOrientations_iPhone = "UIInterfaceOrientationPortrait UIInterfaceOrientationLandscapeLeft UIInterfaceOrientationLandscapeRight";
				LD_RUNPATH_SEARCH_PATHS = (
					"$(inherited)",
					"@executable_path/Frameworks",
				);
				MARKETING_VERSION = 1.0;
				PRODUCT_BUNDLE_IDENTIFIER = com.sajedshaikh.SwiftUIAndCombine;
				PRODUCT_NAME = "$(TARGET_NAME)";
				SWIFT_EMIT_LOC_STRINGS = YES;
				SWIFT_VERSION = 5.0;
				TARGETED_DEVICE_FAMILY = "1,2";
			};
			name = Debug;
		};
		B4A0A1922C0C51970045657A /* Release */ = {
			isa = XCBuildConfiguration;
			buildSettings = {
				ASSETCATALOG_COMPILER_APPICON_NAME = AppIcon;
				ASSETCATALOG_COMPILER_GLOBAL_ACCENT_COLOR_NAME = AccentColor;
				CODE_SIGN_STYLE = Automatic;
				CURRENT_PROJECT_VERSION = 1;
				DEVELOPMENT_ASSET_PATHS = "\"SwiftUIAndCombine/Preview Content\"";
				DEVELOPMENT_TEAM = D2R2MN4TCC;
				ENABLE_PREVIEWS = YES;
				GENERATE_INFOPLIST_FILE = YES;
				INFOPLIST_KEY_UIApplicationSceneManifest_Generation = YES;
				INFOPLIST_KEY_UIApplicationSupportsIndirectInputEvents = YES;
				INFOPLIST_KEY_UILaunchScreen_Generation = YES;
				INFOPLIST_KEY_UISupportedInterfaceOrientations_iPad = "UIInterfaceOrientationPortrait UIInterfaceOrientationPortraitUpsideDown UIInterfaceOrientationLandscapeLeft UIInterfaceOrientationLandscapeRight";
				INFOPLIST_KEY_UISupportedInterfaceOrientations_iPhone = "UIInterfaceOrientationPortrait UIInterfaceOrientationLandscapeLeft UIInterfaceOrientationLandscapeRight";
				LD_RUNPATH_SEARCH_PATHS = (
					"$(inherited)",
					"@executable_path/Frameworks",
				);
				MARKETING_VERSION = 1.0;
				PRODUCT_BUNDLE_IDENTIFIER = com.sajedshaikh.SwiftUIAndCombine;
				PRODUCT_NAME = "$(TARGET_NAME)";
				SWIFT_EMIT_LOC_STRINGS = YES;
				SWIFT_VERSION = 5.0;
				TARGETED_DEVICE_FAMILY = "1,2";
			};
			name = Release;
		};
		B4A0A1942C0C51970045657A /* Debug */ = {
			isa = XCBuildConfiguration;
			buildSettings = {
				ALWAYS_EMBED_SWIFT_STANDARD_LIBRARIES = YES;
				BUNDLE_LOADER = "$(TEST_HOST)";
				CODE_SIGN_STYLE = Automatic;
				CURRENT_PROJECT_VERSION = 1;
				DEVELOPMENT_TEAM = D2R2MN4TCC;
				GENERATE_INFOPLIST_FILE = YES;
				IPHONEOS_DEPLOYMENT_TARGET = 17.5;
				MARKETING_VERSION = 1.0;
				PRODUCT_BUNDLE_IDENTIFIER = com.sajedshaikh.SwiftUIAndCombineTests;
				PRODUCT_NAME = "$(TARGET_NAME)";
				SWIFT_EMIT_LOC_STRINGS = NO;
				SWIFT_VERSION = 5.0;
				TARGETED_DEVICE_FAMILY = "1,2";
				TEST_HOST = "$(BUILT_PRODUCTS_DIR)/SwiftUIAndCombine.app/$(BUNDLE_EXECUTABLE_FOLDER_PATH)/SwiftUIAndCombine";
			};
			name = Debug;
		};
		B4A0A1952C0C51970045657A /* Release */ = {
			isa = XCBuildConfiguration;
			buildSettings = {
				ALWAYS_EMBED_SWIFT_STANDARD_LIBRARIES = YES;
				BUNDLE_LOADER = "$(TEST_HOST)";
				CODE_SIGN_STYLE = Automatic;
				CURRENT_PROJECT_VERSION = 1;
				DEVELOPMENT_TEAM = D2R2MN4TCC;
				GENERATE_INFOPLIST_FILE = YES;
				IPHONEOS_DEPLOYMENT_TARGET = 17.5;
				MARKETING_VERSION = 1.0;
				PRODUCT_BUNDLE_IDENTIFIER = com.sajedshaikh.SwiftUIAndCombineTests;
				PRODUCT_NAME = "$(TARGET_NAME)";
				SWIFT_EMIT_LOC_STRINGS = NO;
				SWIFT_VERSION = 5.0;
				TARGETED_DEVICE_FAMILY = "1,2";
				TEST_HOST = "$(BUILT_PRODUCTS_DIR)/SwiftUIAndCombine.app/$(BUNDLE_EXECUTABLE_FOLDER_PATH)/SwiftUIAndCombine";
			};
			name = Release;
		};
		B4A0A1972C0C51970045657A /* Debug */ = {
			isa = XCBuildConfiguration;
			buildSettings = {
				ALWAYS_EMBED_SWIFT_STANDARD_LIBRARIES = YES;
				CODE_SIGN_STYLE = Automatic;
				CURRENT_PROJECT_VERSION = 1;
				DEVELOPMENT_TEAM = D2R2MN4TCC;
				GENERATE_INFOPLIST_FILE = YES;
				MARKETING_VERSION = 1.0;
				PRODUCT_BUNDLE_IDENTIFIER = com.sajedshaikh.SwiftUIAndCombineUITests;
				PRODUCT_NAME = "$(TARGET_NAME)";
				SWIFT_EMIT_LOC_STRINGS = NO;
				SWIFT_VERSION = 5.0;
				TARGETED_DEVICE_FAMILY = "1,2";
				TEST_TARGET_NAME = SwiftUIAndCombine;
			};
			name = Debug;
		};
		B4A0A1982C0C51970045657A /* Release */ = {
			isa = XCBuildConfiguration;
			buildSettings = {
				ALWAYS_EMBED_SWIFT_STANDARD_LIBRARIES = YES;
				CODE_SIGN_STYLE = Automatic;
				CURRENT_PROJECT_VERSION = 1;
				DEVELOPMENT_TEAM = D2R2MN4TCC;
				GENERATE_INFOPLIST_FILE = YES;
				MARKETING_VERSION = 1.0;
				PRODUCT_BUNDLE_IDENTIFIER = com.sajedshaikh.SwiftUIAndCombineUITests;
				PRODUCT_NAME = "$(TARGET_NAME)";
				SWIFT_EMIT_LOC_STRINGS = NO;
				SWIFT_VERSION = 5.0;
				TARGETED_DEVICE_FAMILY = "1,2";
				TEST_TARGET_NAME = SwiftUIAndCombine;
			};
			name = Release;
		};
/* End XCBuildConfiguration section */

/* Begin XCConfigurationList section */
		B4A0A1672C0C51950045657A /* Build configuration list for PBXProject "SwiftUIAndCombine" */ = {
			isa = XCConfigurationList;
			buildConfigurations = (
				B4A0A18E2C0C51970045657A /* Debug */,
				B4A0A18F2C0C51970045657A /* Release */,
			);
			defaultConfigurationIsVisible = 0;
			defaultConfigurationName = Release;
		};
		B4A0A1902C0C51970045657A /* Build configuration list for PBXNativeTarget "SwiftUIAndCombine" */ = {
			isa = XCConfigurationList;
			buildConfigurations = (
				B4A0A1912C0C51970045657A /* Debug */,
				B4A0A1922C0C51970045657A /* Release */,
			);
			defaultConfigurationIsVisible = 0;
			defaultConfigurationName = Release;
		};
		B4A0A1932C0C51970045657A /* Build configuration list for PBXNativeTarget "SwiftUIAndCombineTests" */ = {
			isa = XCConfigurationList;
			buildConfigurations = (
				B4A0A1942C0C51970045657A /* Debug */,
				B4A0A1952C0C51970045657A /* Release */,
			);
			defaultConfigurationIsVisible = 0;
			defaultConfigurationName = Release;
		};
		B4A0A1962C0C51970045657A /* Build configuration list for PBXNativeTarget "SwiftUIAndCombineUITests" */ = {
			isa = XCConfigurationList;
			buildConfigurations = (
				B4A0A1972C0C51970045657A /* Debug */,
				B4A0A1982C0C51970045657A /* Release */,
			);
			defaultConfigurationIsVisible = 0;
			defaultConfigurationName = Release;
		};
/* End XCConfigurationList section */
	};
	rootObject = B4A0A1642C0C51950045657A /* Project object */;
}
